
Microsoft Visual Studio Solution File, Format Version 12.00
# Visual Studio Version 17
VisualStudioVersion = 17.14.36623.8
MinimumVisualStudioVersion = 10.0.40219.1
Project("{FAE04EC0-301F-11D3-BF4B-00C04F79EFBC}") = "SimpleCRUDAPI", "SimpleCRUDAPI.csproj", "{C7669379-79E8-4BDD-A204-7E53EBB5D10D}"
EndProject
Project("{00D1A9C2-B5F0-4AF3-8072-F6C62B433612}") = "ECommerce.Database", "..\ECommerceDB\ECommerce.Database.sqlproj", "{8EA48A24-BCD8-4748-A97D-3EB02C674F84}"
EndProject
Global
	GlobalSection(SolutionConfigurationPlatforms) = preSolution
		Debug|Any CPU = Debug|Any CPU
		Release|Any CPU = Release|Any CPU
	EndGlobalSection
	GlobalSection(ProjectConfigurationPlatforms) = postSolution
		{C7669379-79E8-4BDD-A204-7E53EBB5D10D}.Debug|Any CPU.ActiveCfg = Debug|Any CPU
		{C7669379-79E8-4BDD-A204-7E53EBB5D10D}.Debug|Any CPU.Build.0 = Debug|Any CPU
		{C7669379-79E8-4BDD-A204-7E53EBB5D10D}.Release|Any CPU.ActiveCfg = Release|Any CPU
		{C7669379-79E8-4BDD-A204-7E53EBB5D10D}.Release|Any CPU.Build.0 = Release|Any CPU
		{8EA48A24-BCD8-4748-A97D-3EB02C674F84}.Debug|Any CPU.ActiveCfg = Debug|Any CPU
		{8EA48A24-BCD8-4748-A97D-3EB02C674F84}.Debug|Any CPU.Build.0 = Debug|Any CPU
		{8EA48A24-BCD8-4748-A97D-3EB02C674F84}.Debug|Any CPU.Deploy.0 = Debug|Any CPU
		{8EA48A24-BCD8-4748-A97D-3EB02C674F84}.Release|Any CPU.ActiveCfg = Release|Any CPU
		{8EA48A24-BCD8-4748-A97D-3EB02C674F84}.Release|Any CPU.Build.0 = Release|Any CPU
		{8EA48A24-BCD8-4748-A97D-3EB02C674F84}.Release|Any CPU.Deploy.0 = Release|Any CPU
	EndGlobalSection
	GlobalSection(SolutionProperties) = preSolution
		HideSolutionNode = FALSE
	EndGlobalSection
	GlobalSection(ExtensibilityGlobals) = postSolution
		SolutionGuid = {AD58410A-7C1C-473B-A198-17F4CB1B395C}
	EndGlobalSection
EndGlobal
